{
  "name": "botster-project-pipelines-contract-check",
  "lockfileVersion": 3,
  "requires": true,
  "packages": {
    "": {
      "name": "botster-project-pipelines-contract-check",
      "dependencies": {
        "@trybotster/hub-test-support": "0.1.24",
        "@trybotster/ui-contract": "0.1.0"
      }
    },
    "node_modules/@trybotster/hub-test-support": {
      "version": "0.1.24",
      "resolved": "https://registry.npmjs.org/@trybotster/hub-test-support/-/hub-test-support-0.1.24.tgz",
      "integrity": "sha512-n0/DDMw5PmnFdxp54dk4Y4pdAM0VfotQblBnamqkViwbmJgmSS7ZrAFPskzOcVZ70hHgJdfHaH4UwArwP0DvXw==",
      "license": "SEE LICENSE IN LICENSE",
      "dependencies": {
        "@trybotster/ui-contract": "0.3.1"
      }
    },
    "node_modules/@trybotster/hub-test-support/node_modules/@trybotster/ui-contract": {
      "version": "0.3.1",
      "resolved": "https://registry.npmjs.org/@trybotster/ui-contract/-/ui-contract-0.3.1.tgz",
      "integrity": "sha512-f88kS2oaG9s5pRq3RS3aLNaIx3YvT3JDTv2ej/x4h6Ui7vuiO33C+ZlC3iBFLSNYmT8gAYwKY7vLpdiJUSK/jA==",
      "license": "SEE LICENSE IN LICENSE"
    },
    "node_modules/@trybotster/ui-contract": {
      "version": "0.1.0",
      "resolved": "https://registry.npmjs.org/@trybotster/ui-contract/-/ui-contract-0.1.0.tgz",
      "integrity": "sha512-GOwaxy+1gopwgawiioZYJQRfZ9519I1DUh4WSUpSX3J5XqrKpp5vNAnGLPWzO9qFT+QDY3N3mWlbZjLWNx9a6A==",
      "license": "SEE LICENSE IN LICENSE"
    }
  }
}
